
Microsoft Visual Studio Solution File, Format Version 12.00
# Visual Studio 14
VisualStudioVersion = 14.0.25420.1
MinimumVisualStudioVersion = 10.0.40219.1
Project("{FAE04EC0-301F-11D3-BF4B-00C04F79EFBC}") = "PlantomaticVM", "PlantomaticVM\PlantomaticVM\PlantomaticVM.csproj", "{94EA96FB-000E-4309-A73B-12EBCDB1AD27}"
EndProject
Project("{FAE04EC0-301F-11D3-BF4B-00C04F79EFBC}") = "PlantomaticVM.Droid", "PlantomaticVM\PlantomaticVM.Droid\PlantomaticVM.Droid.csproj", "{46B2C076-B0B4-4BDB-B8F2-2AC576DC7BD1}"
EndProject
Project("{FAE04EC0-301F-11D3-BF4B-00C04F79EFBC}") = "PlantomaticVM.iOS", "PlantomaticVM\PlantomaticVM.iOS\PlantomaticVM.iOS.csproj", "{7B3CB7C1-B4C7-4CCD-81B5-3214D64C825E}"
EndProject
Project("{FAE04EC0-301F-11D3-BF4B-00C04F79EFBC}") = "PlantomaticVM.WinPhone", "PlantomaticVM\PlantomaticVM.WinPhone\PlantomaticVM.WinPhone.csproj", "{5C8CD791-C740-4169-92AB-7FC95F3E9ED9}"
EndProject
Project("{FAE04EC0-301F-11D3-BF4B-00C04F79EFBC}") = "PlantomaticVM.UWP", "PlantomaticVM\PlantomaticVM.UWP\PlantomaticVM.UWP.csproj", "{66CF1085-B1DE-4A9B-91F8-224C22244ECC}"
EndProject
Project("{FAE04EC0-301F-11D3-BF4B-00C04F79EFBC}") = "PlantomaticVM.Windows", "PlantomaticVM\PlantomaticVM.Windows\PlantomaticVM.Windows.csproj", "{5707B481-195E-4E02-8F82-965995DF38E1}"
EndProject
Project("{FAE04EC0-301F-11D3-BF4B-00C04F79EFBC}") = "Plant", "..\..\..\..\Source\Repos\PlantManXF\Plant\Plant.csproj", "{67F9D3A8-F71E-4428-913F-C37AE82CDB24}"
EndProject
Project("{FAE04EC0-301F-11D3-BF4B-00C04F79EFBC}") = "PlantImporter", "..\..\..\..\Source\Repos\PlantManXF\PlantImporter\PlantImporter.csproj", "{63E10FFF-3608-4E52-A2AF-1EDD9AB58C21}"
EndProject
Project("{FAE04EC0-301F-11D3-BF4B-00C04F79EFBC}") = "LogAnnotator", "..\..\..\..\Source\Repos\PlantManXF\LogAnnotator\LogAnnotator.csproj", "{E97C00F9-B576-4BF4-9D07-681BCB9EF97F}"
EndProject
Global
	GlobalSection(SolutionConfigurationPlatforms) = preSolution
		Ad-Hoc|Any CPU = Ad-Hoc|Any CPU
		Ad-Hoc|ARM = Ad-Hoc|ARM
		Ad-Hoc|iPhone = Ad-Hoc|iPhone
		Ad-Hoc|iPhoneSimulator = Ad-Hoc|iPhoneSimulator
		Ad-Hoc|x64 = Ad-Hoc|x64
		Ad-Hoc|x86 = Ad-Hoc|x86
		AppStore|Any CPU = AppStore|Any CPU
		AppStore|ARM = AppStore|ARM
		AppStore|iPhone = AppStore|iPhone
		AppStore|iPhoneSimulator = AppStore|iPhoneSimulator
		AppStore|x64 = AppStore|x64
		AppStore|x86 = AppStore|x86
		Debug|Any CPU = Debug|Any CPU
		Debug|ARM = Debug|ARM
		Debug|iPhone = Debug|iPhone
		Debug|iPhoneSimulator = Debug|iPhoneSimulator
		Debug|x64 = Debug|x64
		Debug|x86 = Debug|x86
		Release|Any CPU = Release|Any CPU
		Release|ARM = Release|ARM
		Release|iPhone = Release|iPhone
		Release|iPhoneSimulator = Release|iPhoneSimulator
		Release|x64 = Release|x64
		Release|x86 = Release|x86
	EndGlobalSection
	GlobalSection(ProjectConfigurationPlatforms) = postSolution
		{94EA96FB-000E-4309-A73B-12EBCDB1AD27}.Ad-Hoc|Any CPU.ActiveCfg = Release|Any CPU
		{94EA96FB-000E-4309-A73B-12EBCDB1AD27}.Ad-Hoc|Any CPU.Build.0 = Release|Any CPU
		{94EA96FB-000E-4309-A73B-12EBCDB1AD27}.Ad-Hoc|ARM.ActiveCfg = Release|Any CPU
		{94EA96FB-000E-4309-A73B-12EBCDB1AD27}.Ad-Hoc|ARM.Build.0 = Release|Any CPU
		{94EA96FB-000E-4309-A73B-12EBCDB1AD27}.Ad-Hoc|iPhone.ActiveCfg = Release|Any CPU
		{94EA96FB-000E-4309-A73B-12EBCDB1AD27}.Ad-Hoc|iPhone.Build.0 = Release|Any CPU
		{94EA96FB-000E-4309-A73B-12EBCDB1AD27}.Ad-Hoc|iPhoneSimulator.ActiveCfg = Release|Any CPU
		{94EA96FB-000E-4309-A73B-12EBCDB1AD27}.Ad-Hoc|iPhoneSimulator.Build.0 = Release|Any CPU
		{94EA96FB-000E-4309-A73B-12EBCDB1AD27}.Ad-Hoc|x64.ActiveCfg = Release|Any CPU
		{94EA96FB-000E-4309-A73B-12EBCDB1AD27}.Ad-Hoc|x64.Build.0 = Release|Any CPU
		{94EA96FB-000E-4309-A73B-12EBCDB1AD27}.Ad-Hoc|x86.ActiveCfg = Release|Any CPU
		{94EA96FB-000E-4309-A73B-12EBCDB1AD27}.Ad-Hoc|x86.Build.0 = Release|Any CPU
		{94EA96FB-000E-4309-A73B-12EBCDB1AD27}.AppStore|Any CPU.ActiveCfg = Release|Any CPU
		{94EA96FB-000E-4309-A73B-12EBCDB1AD27}.AppStore|Any CPU.Build.0 = Release|Any CPU
		{94EA96FB-000E-4309-A73B-12EBCDB1AD27}.AppStore|ARM.ActiveCfg = Release|Any CPU
		{94EA96FB-000E-4309-A73B-12EBCDB1AD27}.AppStore|ARM.Build.0 = Release|Any CPU
		{94EA96FB-000E-4309-A73B-12EBCDB1AD27}.AppStore|iPhone.ActiveCfg = Release|Any CPU
		{94EA96FB-000E-4309-A73B-12EBCDB1AD27}.AppStore|iPhone.Build.0 = Release|Any CPU
		{94EA96FB-000E-4309-A73B-12EBCDB1AD27}.AppStore|iPhoneSimulator.ActiveCfg = Release|Any CPU
		{94EA96FB-000E-4309-A73B-12EBCDB1AD27}.AppStore|iPhoneSimulator.Build.0 = Release|Any CPU
		{94EA96FB-000E-4309-A73B-12EBCDB1AD27}.AppStore|x64.ActiveCfg = Release|Any CPU
		{94EA96FB-000E-4309-A73B-12EBCDB1AD27}.AppStore|x64.Build.0 = Release|Any CPU
		{94EA96FB-000E-4309-A73B-12EBCDB1AD27}.AppStore|x86.ActiveCfg = Release|Any CPU
		{94EA96FB-000E-4309-A73B-12EBCDB1AD27}.AppStore|x86.Build.0 = Release|Any CPU
		{94EA96FB-000E-4309-A73B-12EBCDB1AD27}.Debug|Any CPU.ActiveCfg = Debug|Any CPU
		{94EA96FB-000E-4309-A73B-12EBCDB1AD27}.Debug|Any CPU.Build.0 = Debug|Any CPU
		{94EA96FB-000E-4309-A73B-12EBCDB1AD27}.Debug|ARM.ActiveCfg = Debug|Any CPU
		{94EA96FB-000E-4309-A73B-12EBCDB1AD27}.Debug|ARM.Build.0 = Debug|Any CPU
		{94EA96FB-000E-4309-A73B-12EBCDB1AD27}.Debug|iPhone.ActiveCfg = Debug|Any CPU
		{94EA96FB-000E-4309-A73B-12EBCDB1AD27}.Debug|iPhone.Build.0 = Debug|Any CPU
		{94EA96FB-000E-4309-A73B-12EBCDB1AD27}.Debug|iPhoneSimulator.ActiveCfg = Debug|Any CPU
		{94EA96FB-000E-4309-A73B-12EBCDB1AD27}.Debug|iPhoneSimulator.Build.0 = Debug|Any CPU
		{94EA96FB-000E-4309-A73B-12EBCDB1AD27}.Debug|x64.ActiveCfg = Debug|Any CPU
		{94EA96FB-000E-4309-A73B-12EBCDB1AD27}.Debug|x64.Build.0 = Debug|Any CPU
		{94EA96FB-000E-4309-A73B-12EBCDB1AD27}.Debug|x86.ActiveCfg = Debug|Any CPU
		{94EA96FB-000E-4309-A73B-12EBCDB1AD27}.Debug|x86.Build.0 = Debug|Any CPU
		{94EA96FB-000E-4309-A73B-12EBCDB1AD27}.Release|Any CPU.ActiveCfg = Release|Any CPU
		{94EA96FB-000E-4309-A73B-12EBCDB1AD27}.Release|Any CPU.Build.0 = Release|Any CPU
		{94EA96FB-000E-4309-A73B-12EBCDB1AD27}.Release|ARM.ActiveCfg = Release|Any CPU
		{94EA96FB-000E-4309-A73B-12EBCDB1AD27}.Release|ARM.Build.0 = Release|Any CPU
		{94EA96FB-000E-4309-A73B-12EBCDB1AD27}.Release|iPhone.ActiveCfg = Release|Any CPU
		{94EA96FB-000E-4309-A73B-12EBCDB1AD27}.Release|iPhone.Build.0 = Release|Any CPU
		{94EA96FB-000E-4309-A73B-12EBCDB1AD27}.Release|iPhoneSimulator.ActiveCfg = Release|Any CPU
		{94EA96FB-000E-4309-A73B-12EBCDB1AD27}.Release|iPhoneSimulator.Build.0 = Release|Any CPU
		{94EA96FB-000E-4309-A73B-12EBCDB1AD27}.Release|x64.ActiveCfg = Release|Any CPU
		{94EA96FB-000E-4309-A73B-12EBCDB1AD27}.Release|x64.Build.0 = Release|Any CPU
		{94EA96FB-000E-4309-A73B-12EBCDB1AD27}.Release|x86.ActiveCfg = Release|Any CPU
		{94EA96FB-000E-4309-A73B-12EBCDB1AD27}.Release|x86.Build.0 = Release|Any CPU
		{46B2C076-B0B4-4BDB-B8F2-2AC576DC7BD1}.Ad-Hoc|Any CPU.ActiveCfg = Release|Any CPU
		{46B2C076-B0B4-4BDB-B8F2-2AC576DC7BD1}.Ad-Hoc|Any CPU.Build.0 = Release|Any CPU
		{46B2C076-B0B4-4BDB-B8F2-2AC576DC7BD1}.Ad-Hoc|Any CPU.Deploy.0 = Release|Any CPU
		{46B2C076-B0B4-4BDB-B8F2-2AC576DC7BD1}.Ad-Hoc|ARM.ActiveCfg = Release|Any CPU
		{46B2C076-B0B4-4BDB-B8F2-2AC576DC7BD1}.Ad-Hoc|ARM.Build.0 = Release|Any CPU
		{46B2C076-B0B4-4BDB-B8F2-2AC576DC7BD1}.Ad-Hoc|ARM.Deploy.0 = Release|Any CPU
		{46B2C076-B0B4-4BDB-B8F2-2AC576DC7BD1}.Ad-Hoc|iPhone.ActiveCfg = Release|Any CPU
		{46B2C076-B0B4-4BDB-B8F2-2AC576DC7BD1}.Ad-Hoc|iPhone.Build.0 = Release|Any CPU
		{46B2C076-B0B4-4BDB-B8F2-2AC576DC7BD1}.Ad-Hoc|iPhone.Deploy.0 = Release|Any CPU
		{46B2C076-B0B4-4BDB-B8F2-2AC576DC7BD1}.Ad-Hoc|iPhoneSimulator.ActiveCfg = Release|Any CPU
		{46B2C076-B0B4-4BDB-B8F2-2AC576DC7BD1}.Ad-Hoc|iPhoneSimulator.Build.0 = Release|Any CPU
		{46B2C076-B0B4-4BDB-B8F2-2AC576DC7BD1}.Ad-Hoc|iPhoneSimulator.Deploy.0 = Release|Any CPU
		{46B2C076-B0B4-4BDB-B8F2-2AC576DC7BD1}.Ad-Hoc|x64.ActiveCfg = Release|Any CPU
		{46B2C076-B0B4-4BDB-B8F2-2AC576DC7BD1}.Ad-Hoc|x64.Build.0 = Release|Any CPU
		{46B2C076-B0B4-4BDB-B8F2-2AC576DC7BD1}.Ad-Hoc|x64.Deploy.0 = Release|Any CPU
		{46B2C076-B0B4-4BDB-B8F2-2AC576DC7BD1}.Ad-Hoc|x86.ActiveCfg = Release|Any CPU
		{46B2C076-B0B4-4BDB-B8F2-2AC576DC7BD1}.Ad-Hoc|x86.Build.0 = Release|Any CPU
		{46B2C076-B0B4-4BDB-B8F2-2AC576DC7BD1}.Ad-Hoc|x86.Deploy.0 = Release|Any CPU
		{46B2C076-B0B4-4BDB-B8F2-2AC576DC7BD1}.AppStore|Any CPU.ActiveCfg = Release|Any CPU
		{46B2C076-B0B4-4BDB-B8F2-2AC576DC7BD1}.AppStore|Any CPU.Build.0 = Release|Any CPU
		{46B2C076-B0B4-4BDB-B8F2-2AC576DC7BD1}.AppStore|Any CPU.Deploy.0 = Release|Any CPU
		{46B2C076-B0B4-4BDB-B8F2-2AC576DC7BD1}.AppStore|ARM.ActiveCfg = Release|Any CPU
		{46B2C076-B0B4-4BDB-B8F2-2AC576DC7BD1}.AppStore|ARM.Build.0 = Release|Any CPU
		{46B2C076-B0B4-4BDB-B8F2-2AC576DC7BD1}.AppStore|ARM.Deploy.0 = Release|Any CPU
		{46B2C076-B0B4-4BDB-B8F2-2AC576DC7BD1}.AppStore|iPhone.ActiveCfg = Release|Any CPU
		{46B2C076-B0B4-4BDB-B8F2-2AC576DC7BD1}.AppStore|iPhone.Build.0 = Release|Any CPU
		{46B2C076-B0B4-4BDB-B8F2-2AC576DC7BD1}.AppStore|iPhone.Deploy.0 = Release|Any CPU
		{46B2C076-B0B4-4BDB-B8F2-2AC576DC7BD1}.AppStore|iPhoneSimulator.ActiveCfg = Release|Any CPU
		{46B2C076-B0B4-4BDB-B8F2-2AC576DC7BD1}.AppStore|iPhoneSimulator.Build.0 = Release|Any CPU
		{46B2C076-B0B4-4BDB-B8F2-2AC576DC7BD1}.AppStore|iPhoneSimulator.Deploy.0 = Release|Any CPU
		{46B2C076-B0B4-4BDB-B8F2-2AC576DC7BD1}.AppStore|x64.ActiveCfg = Release|Any CPU
		{46B2C076-B0B4-4BDB-B8F2-2AC576DC7BD1}.AppStore|x64.Build.0 = Release|Any CPU
		{46B2C076-B0B4-4BDB-B8F2-2AC576DC7BD1}.AppStore|x64.Deploy.0 = Release|Any CPU
		{46B2C076-B0B4-4BDB-B8F2-2AC576DC7BD1}.AppStore|x86.ActiveCfg = Release|Any CPU
		{46B2C076-B0B4-4BDB-B8F2-2AC576DC7BD1}.AppStore|x86.Build.0 = Release|Any CPU
		{46B2C076-B0B4-4BDB-B8F2-2AC576DC7BD1}.AppStore|x86.Deploy.0 = Release|Any CPU
		{46B2C076-B0B4-4BDB-B8F2-2AC576DC7BD1}.Debug|Any CPU.ActiveCfg = Debug|Any CPU
		{46B2C076-B0B4-4BDB-B8F2-2AC576DC7BD1}.Debug|Any CPU.Build.0 = Debug|Any CPU
		{46B2C076-B0B4-4BDB-B8F2-2AC576DC7BD1}.Debug|Any CPU.Deploy.0 = Debug|Any CPU
		{46B2C076-B0B4-4BDB-B8F2-2AC576DC7BD1}.Debug|ARM.ActiveCfg = Debug|Any CPU
		{46B2C076-B0B4-4BDB-B8F2-2AC576DC7BD1}.Debug|ARM.Build.0 = Debug|Any CPU
		{46B2C076-B0B4-4BDB-B8F2-2AC576DC7BD1}.Debug|ARM.Deploy.0 = Debug|Any CPU
		{46B2C076-B0B4-4BDB-B8F2-2AC576DC7BD1}.Debug|iPhone.ActiveCfg = Debug|Any CPU
		{46B2C076-B0B4-4BDB-B8F2-2AC576DC7BD1}.Debug|iPhone.Build.0 = Debug|Any CPU
		{46B2C076-B0B4-4BDB-B8F2-2AC576DC7BD1}.Debug|iPhone.Deploy.0 = Debug|Any CPU
		{46B2C076-B0B4-4BDB-B8F2-2AC576DC7BD1}.Debug|iPhoneSimulator.ActiveCfg = Debug|Any CPU
		{46B2C076-B0B4-4BDB-B8F2-2AC576DC7BD1}.Debug|iPhoneSimulator.Build.0 = Debug|Any CPU
		{46B2C076-B0B4-4BDB-B8F2-2AC576DC7BD1}.Debug|iPhoneSimulator.Deploy.0 = Debug|Any CPU
		{46B2C076-B0B4-4BDB-B8F2-2AC576DC7BD1}.Debug|x64.ActiveCfg = Debug|Any CPU
		{46B2C076-B0B4-4BDB-B8F2-2AC576DC7BD1}.Debug|x64.Build.0 = Debug|Any CPU
		{46B2C076-B0B4-4BDB-B8F2-2AC576DC7BD1}.Debug|x64.Deploy.0 = Debug|Any CPU
		{46B2C076-B0B4-4BDB-B8F2-2AC576DC7BD1}.Debug|x86.ActiveCfg = Debug|Any CPU
		{46B2C076-B0B4-4BDB-B8F2-2AC576DC7BD1}.Debug|x86.Build.0 = Debug|Any CPU
		{46B2C076-B0B4-4BDB-B8F2-2AC576DC7BD1}.Debug|x86.Deploy.0 = Debug|Any CPU
		{46B2C076-B0B4-4BDB-B8F2-2AC576DC7BD1}.Release|Any CPU.ActiveCfg = Release|Any CPU
		{46B2C076-B0B4-4BDB-B8F2-2AC576DC7BD1}.Release|Any CPU.Build.0 = Release|Any CPU
		{46B2C076-B0B4-4BDB-B8F2-2AC576DC7BD1}.Release|Any CPU.Deploy.0 = Release|Any CPU
		{46B2C076-B0B4-4BDB-B8F2-2AC576DC7BD1}.Release|ARM.ActiveCfg = Release|Any CPU
		{46B2C076-B0B4-4BDB-B8F2-2AC576DC7BD1}.Release|ARM.Build.0 = Release|Any CPU
		{46B2C076-B0B4-4BDB-B8F2-2AC576DC7BD1}.Release|ARM.Deploy.0 = Release|Any CPU
		{46B2C076-B0B4-4BDB-B8F2-2AC576DC7BD1}.Release|iPhone.ActiveCfg = Release|Any CPU
		{46B2C076-B0B4-4BDB-B8F2-2AC576DC7BD1}.Release|iPhone.Build.0 = Release|Any CPU
		{46B2C076-B0B4-4BDB-B8F2-2AC576DC7BD1}.Release|iPhone.Deploy.0 = Release|Any CPU
		{46B2C076-B0B4-4BDB-B8F2-2AC576DC7BD1}.Release|iPhoneSimulator.ActiveCfg = Release|Any CPU
		{46B2C076-B0B4-4BDB-B8F2-2AC576DC7BD1}.Release|iPhoneSimulator.Build.0 = Release|Any CPU
		{46B2C076-B0B4-4BDB-B8F2-2AC576DC7BD1}.Release|iPhoneSimulator.Deploy.0 = Release|Any CPU
		{46B2C076-B0B4-4BDB-B8F2-2AC576DC7BD1}.Release|x64.ActiveCfg = Release|Any CPU
		{46B2C076-B0B4-4BDB-B8F2-2AC576DC7BD1}.Release|x64.Build.0 = Release|Any CPU
		{46B2C076-B0B4-4BDB-B8F2-2AC576DC7BD1}.Release|x64.Deploy.0 = Release|Any CPU
		{46B2C076-B0B4-4BDB-B8F2-2AC576DC7BD1}.Release|x86.ActiveCfg = Release|Any CPU
		{46B2C076-B0B4-4BDB-B8F2-2AC576DC7BD1}.Release|x86.Build.0 = Release|Any CPU
		{46B2C076-B0B4-4BDB-B8F2-2AC576DC7BD1}.Release|x86.Deploy.0 = Release|Any CPU
		{7B3CB7C1-B4C7-4CCD-81B5-3214D64C825E}.Ad-Hoc|Any CPU.ActiveCfg = Ad-Hoc|iPhone
		{7B3CB7C1-B4C7-4CCD-81B5-3214D64C825E}.Ad-Hoc|ARM.ActiveCfg = Ad-Hoc|iPhone
		{7B3CB7C1-B4C7-4CCD-81B5-3214D64C825E}.Ad-Hoc|iPhone.ActiveCfg = Ad-Hoc|iPhone
		{7B3CB7C1-B4C7-4CCD-81B5-3214D64C825E}.Ad-Hoc|iPhone.Build.0 = Ad-Hoc|iPhone
		{7B3CB7C1-B4C7-4CCD-81B5-3214D64C825E}.Ad-Hoc|iPhoneSimulator.ActiveCfg = Ad-Hoc|iPhoneSimulator
		{7B3CB7C1-B4C7-4CCD-81B5-3214D64C825E}.Ad-Hoc|iPhoneSimulator.Build.0 = Ad-Hoc|iPhoneSimulator
		{7B3CB7C1-B4C7-4CCD-81B5-3214D64C825E}.Ad-Hoc|x64.ActiveCfg = Ad-Hoc|iPhone
		{7B3CB7C1-B4C7-4CCD-81B5-3214D64C825E}.Ad-Hoc|x86.ActiveCfg = Ad-Hoc|iPhone
		{7B3CB7C1-B4C7-4CCD-81B5-3214D64C825E}.AppStore|Any CPU.ActiveCfg = AppStore|iPhone
		{7B3CB7C1-B4C7-4CCD-81B5-3214D64C825E}.AppStore|ARM.ActiveCfg = AppStore|iPhone
		{7B3CB7C1-B4C7-4CCD-81B5-3214D64C825E}.AppStore|iPhone.ActiveCfg = AppStore|iPhone
		{7B3CB7C1-B4C7-4CCD-81B5-3214D64C825E}.AppStore|iPhone.Build.0 = AppStore|iPhone
		{7B3CB7C1-B4C7-4CCD-81B5-3214D64C825E}.AppStore|iPhoneSimulator.ActiveCfg = AppStore|iPhoneSimulator
		{7B3CB7C1-B4C7-4CCD-81B5-3214D64C825E}.AppStore|iPhoneSimulator.Build.0 = AppStore|iPhoneSimulator
		{7B3CB7C1-B4C7-4CCD-81B5-3214D64C825E}.AppStore|x64.ActiveCfg = AppStore|iPhone
		{7B3CB7C1-B4C7-4CCD-81B5-3214D64C825E}.AppStore|x86.ActiveCfg = AppStore|iPhone
		{7B3CB7C1-B4C7-4CCD-81B5-3214D64C825E}.Debug|Any CPU.ActiveCfg = Debug|iPhone
		{7B3CB7C1-B4C7-4CCD-81B5-3214D64C825E}.Debug|ARM.ActiveCfg = Debug|iPhone
		{7B3CB7C1-B4C7-4CCD-81B5-3214D64C825E}.Debug|iPhone.ActiveCfg = Debug|iPhone
		{7B3CB7C1-B4C7-4CCD-81B5-3214D64C825E}.Debug|iPhoneSimulator.ActiveCfg = Debug|iPhoneSimulator
		{7B3CB7C1-B4C7-4CCD-81B5-3214D64C825E}.Debug|iPhoneSimulator.Build.0 = Debug|iPhoneSimulator
		{7B3CB7C1-B4C7-4CCD-81B5-3214D64C825E}.Debug|x64.ActiveCfg = Debug|iPhone
		{7B3CB7C1-B4C7-4CCD-81B5-3214D64C825E}.Debug|x86.ActiveCfg = Debug|iPhone
		{7B3CB7C1-B4C7-4CCD-81B5-3214D64C825E}.Release|Any CPU.ActiveCfg = Release|iPhone
		{7B3CB7C1-B4C7-4CCD-81B5-3214D64C825E}.Release|ARM.ActiveCfg = Release|iPhone
		{7B3CB7C1-B4C7-4CCD-81B5-3214D64C825E}.Release|iPhone.ActiveCfg = Release|iPhone
		{7B3CB7C1-B4C7-4CCD-81B5-3214D64C825E}.Release|iPhone.Build.0 = Release|iPhone
		{7B3CB7C1-B4C7-4CCD-81B5-3214D64C825E}.Release|iPhoneSimulator.ActiveCfg = Release|iPhoneSimulator
		{7B3CB7C1-B4C7-4CCD-81B5-3214D64C825E}.Release|iPhoneSimulator.Build.0 = Release|iPhoneSimulator
		{7B3CB7C1-B4C7-4CCD-81B5-3214D64C825E}.Release|x64.ActiveCfg = Release|iPhone
		{7B3CB7C1-B4C7-4CCD-81B5-3214D64C825E}.Release|x86.ActiveCfg = Release|iPhone
		{5C8CD791-C740-4169-92AB-7FC95F3E9ED9}.Ad-Hoc|Any CPU.ActiveCfg = Release|Any CPU
		{5C8CD791-C740-4169-92AB-7FC95F3E9ED9}.Ad-Hoc|Any CPU.Build.0 = Release|Any CPU
		{5C8CD791-C740-4169-92AB-7FC95F3E9ED9}.Ad-Hoc|Any CPU.Deploy.0 = Release|Any CPU
		{5C8CD791-C740-4169-92AB-7FC95F3E9ED9}.Ad-Hoc|ARM.ActiveCfg = Release|ARM
		{5C8CD791-C740-4169-92AB-7FC95F3E9ED9}.Ad-Hoc|ARM.Build.0 = Release|ARM
		{5C8CD791-C740-4169-92AB-7FC95F3E9ED9}.Ad-Hoc|ARM.Deploy.0 = Release|ARM
		{5C8CD791-C740-4169-92AB-7FC95F3E9ED9}.Ad-Hoc|iPhone.ActiveCfg = Release|Any CPU
		{5C8CD791-C740-4169-92AB-7FC95F3E9ED9}.Ad-Hoc|iPhone.Build.0 = Release|Any CPU
		{5C8CD791-C740-4169-92AB-7FC95F3E9ED9}.Ad-Hoc|iPhone.Deploy.0 = Release|Any CPU
		{5C8CD791-C740-4169-92AB-7FC95F3E9ED9}.Ad-Hoc|iPhoneSimulator.ActiveCfg = Release|Any CPU
		{5C8CD791-C740-4169-92AB-7FC95F3E9ED9}.Ad-Hoc|iPhoneSimulator.Build.0 = Release|Any CPU
		{5C8CD791-C740-4169-92AB-7FC95F3E9ED9}.Ad-Hoc|iPhoneSimulator.Deploy.0 = Release|Any CPU
		{5C8CD791-C740-4169-92AB-7FC95F3E9ED9}.Ad-Hoc|x64.ActiveCfg = Release|Any CPU
		{5C8CD791-C740-4169-92AB-7FC95F3E9ED9}.Ad-Hoc|x64.Build.0 = Release|Any CPU
		{5C8CD791-C740-4169-92AB-7FC95F3E9ED9}.Ad-Hoc|x64.Deploy.0 = Release|Any CPU
		{5C8CD791-C740-4169-92AB-7FC95F3E9ED9}.Ad-Hoc|x86.ActiveCfg = Release|x86
		{5C8CD791-C740-4169-92AB-7FC95F3E9ED9}.Ad-Hoc|x86.Build.0 = Release|x86
		{5C8CD791-C740-4169-92AB-7FC95F3E9ED9}.Ad-Hoc|x86.Deploy.0 = Release|x86
		{5C8CD791-C740-4169-92AB-7FC95F3E9ED9}.AppStore|Any CPU.ActiveCfg = Release|Any CPU
		{5C8CD791-C740-4169-92AB-7FC95F3E9ED9}.AppStore|Any CPU.Build.0 = Release|Any CPU
		{5C8CD791-C740-4169-92AB-7FC95F3E9ED9}.AppStore|Any CPU.Deploy.0 = Release|Any CPU
		{5C8CD791-C740-4169-92AB-7FC95F3E9ED9}.AppStore|ARM.ActiveCfg = Release|ARM
		{5C8CD791-C740-4169-92AB-7FC95F3E9ED9}.AppStore|ARM.Build.0 = Release|ARM
		{5C8CD791-C740-4169-92AB-7FC95F3E9ED9}.AppStore|ARM.Deploy.0 = Release|ARM
		{5C8CD791-C740-4169-92AB-7FC95F3E9ED9}.AppStore|iPhone.ActiveCfg = Release|Any CPU
		{5C8CD791-C740-4169-92AB-7FC95F3E9ED9}.AppStore|iPhone.Build.0 = Release|Any CPU
		{5C8CD791-C740-4169-92AB-7FC95F3E9ED9}.AppStore|iPhone.Deploy.0 = Release|Any CPU
		{5C8CD791-C740-4169-92AB-7FC95F3E9ED9}.AppStore|iPhoneSimulator.ActiveCfg = Release|Any CPU
		{5C8CD791-C740-4169-92AB-7FC95F3E9ED9}.AppStore|iPhoneSimulator.Build.0 = Release|Any CPU
		{5C8CD791-C740-4169-92AB-7FC95F3E9ED9}.AppStore|iPhoneSimulator.Deploy.0 = Release|Any CPU
		{5C8CD791-C740-4169-92AB-7FC95F3E9ED9}.AppStore|x64.ActiveCfg = Release|Any CPU
		{5C8CD791-C740-4169-92AB-7FC95F3E9ED9}.AppStore|x64.Build.0 = Release|Any CPU
		{5C8CD791-C740-4169-92AB-7FC95F3E9ED9}.AppStore|x64.Deploy.0 = Release|Any CPU
		{5C8CD791-C740-4169-92AB-7FC95F3E9ED9}.AppStore|x86.ActiveCfg = Release|x86
		{5C8CD791-C740-4169-92AB-7FC95F3E9ED9}.AppStore|x86.Build.0 = Release|x86
		{5C8CD791-C740-4169-92AB-7FC95F3E9ED9}.AppStore|x86.Deploy.0 = Release|x86
		{5C8CD791-C740-4169-92AB-7FC95F3E9ED9}.Debug|Any CPU.ActiveCfg = Debug|Any CPU
		{5C8CD791-C740-4169-92AB-7FC95F3E9ED9}.Debug|Any CPU.Build.0 = Debug|Any CPU
		{5C8CD791-C740-4169-92AB-7FC95F3E9ED9}.Debug|Any CPU.Deploy.0 = Debug|Any CPU
		{5C8CD791-C740-4169-92AB-7FC95F3E9ED9}.Debug|ARM.ActiveCfg = Debug|ARM
		{5C8CD791-C740-4169-92AB-7FC95F3E9ED9}.Debug|ARM.Build.0 = Debug|ARM
		{5C8CD791-C740-4169-92AB-7FC95F3E9ED9}.Debug|ARM.Deploy.0 = Debug|ARM
		{5C8CD791-C740-4169-92AB-7FC95F3E9ED9}.Debug|iPhone.ActiveCfg = Debug|Any CPU
		{5C8CD791-C740-4169-92AB-7FC95F3E9ED9}.Debug|iPhoneSimulator.ActiveCfg = Debug|Any CPU
		{5C8CD791-C740-4169-92AB-7FC95F3E9ED9}.Debug|iPhoneSimulator.Build.0 = Debug|Any CPU
		{5C8CD791-C740-4169-92AB-7FC95F3E9ED9}.Debug|iPhoneSimulator.Deploy.0 = Debug|Any CPU
		{5C8CD791-C740-4169-92AB-7FC95F3E9ED9}.Debug|x64.ActiveCfg = Debug|Any CPU
		{5C8CD791-C740-4169-92AB-7FC95F3E9ED9}.Debug|x64.Build.0 = Debug|Any CPU
		{5C8CD791-C740-4169-92AB-7FC95F3E9ED9}.Debug|x64.Deploy.0 = Debug|Any CPU
		{5C8CD791-C740-4169-92AB-7FC95F3E9ED9}.Debug|x86.ActiveCfg = Debug|x86
		{5C8CD791-C740-4169-92AB-7FC95F3E9ED9}.Debug|x86.Build.0 = Debug|x86
		{5C8CD791-C740-4169-92AB-7FC95F3E9ED9}.Debug|x86.Deploy.0 = Debug|x86
		{5C8CD791-C740-4169-92AB-7FC95F3E9ED9}.Release|Any CPU.ActiveCfg = Release|Any CPU
		{5C8CD791-C740-4169-92AB-7FC95F3E9ED9}.Release|Any CPU.Build.0 = Release|Any CPU
		{5C8CD791-C740-4169-92AB-7FC95F3E9ED9}.Release|Any CPU.Deploy.0 = Release|Any CPU
		{5C8CD791-C740-4169-92AB-7FC95F3E9ED9}.Release|ARM.ActiveCfg = Release|ARM
		{5C8CD791-C740-4169-92AB-7FC95F3E9ED9}.Release|ARM.Build.0 = Release|ARM
		{5C8CD791-C740-4169-92AB-7FC95F3E9ED9}.Release|ARM.Deploy.0 = Release|ARM
		{5C8CD791-C740-4169-92AB-7FC95F3E9ED9}.Release|iPhone.ActiveCfg = Release|Any CPU
		{5C8CD791-C740-4169-92AB-7FC95F3E9ED9}.Release|iPhone.Build.0 = Release|Any CPU
		{5C8CD791-C740-4169-92AB-7FC95F3E9ED9}.Release|iPhone.Deploy.0 = Release|Any CPU
		{5C8CD791-C740-4169-92AB-7FC95F3E9ED9}.Release|iPhoneSimulator.ActiveCfg = Release|Any CPU
		{5C8CD791-C740-4169-92AB-7FC95F3E9ED9}.Release|iPhoneSimulator.Build.0 = Release|Any CPU
		{5C8CD791-C740-4169-92AB-7FC95F3E9ED9}.Release|iPhoneSimulator.Deploy.0 = Release|Any CPU
		{5C8CD791-C740-4169-92AB-7FC95F3E9ED9}.Release|x64.ActiveCfg = Release|Any CPU
		{5C8CD791-C740-4169-92AB-7FC95F3E9ED9}.Release|x64.Build.0 = Release|Any CPU
		{5C8CD791-C740-4169-92AB-7FC95F3E9ED9}.Release|x64.Deploy.0 = Release|Any CPU
		{5C8CD791-C740-4169-92AB-7FC95F3E9ED9}.Release|x86.ActiveCfg = Release|x86
		{5C8CD791-C740-4169-92AB-7FC95F3E9ED9}.Release|x86.Build.0 = Release|x86
		{5C8CD791-C740-4169-92AB-7FC95F3E9ED9}.Release|x86.Deploy.0 = Release|x86
		{66CF1085-B1DE-4A9B-91F8-224C22244ECC}.Ad-Hoc|Any CPU.ActiveCfg = Release|x86
		{66CF1085-B1DE-4A9B-91F8-224C22244ECC}.Ad-Hoc|Any CPU.Build.0 = Release|x86
		{66CF1085-B1DE-4A9B-91F8-224C22244ECC}.Ad-Hoc|Any CPU.Deploy.0 = Release|x86
		{66CF1085-B1DE-4A9B-91F8-224C22244ECC}.Ad-Hoc|ARM.ActiveCfg = Release|ARM
		{66CF1085-B1DE-4A9B-91F8-224C22244ECC}.Ad-Hoc|ARM.Build.0 = Release|ARM
		{66CF1085-B1DE-4A9B-91F8-224C22244ECC}.Ad-Hoc|ARM.Deploy.0 = Release|ARM
		{66CF1085-B1DE-4A9B-91F8-224C22244ECC}.Ad-Hoc|iPhone.ActiveCfg = Release|x86
		{66CF1085-B1DE-4A9B-91F8-224C22244ECC}.Ad-Hoc|iPhone.Build.0 = Release|x86
		{66CF1085-B1DE-4A9B-91F8-224C22244ECC}.Ad-Hoc|iPhone.Deploy.0 = Release|x86
		{66CF1085-B1DE-4A9B-91F8-224C22244ECC}.Ad-Hoc|iPhoneSimulator.ActiveCfg = Release|x86
		{66CF1085-B1DE-4A9B-91F8-224C22244ECC}.Ad-Hoc|iPhoneSimulator.Build.0 = Release|x86
		{66CF1085-B1DE-4A9B-91F8-224C22244ECC}.Ad-Hoc|iPhoneSimulator.Deploy.0 = Release|x86
		{66CF1085-B1DE-4A9B-91F8-224C22244ECC}.Ad-Hoc|x64.ActiveCfg = Release|x64
		{66CF1085-B1DE-4A9B-91F8-224C22244ECC}.Ad-Hoc|x64.Build.0 = Release|x64
		{66CF1085-B1DE-4A9B-91F8-224C22244ECC}.Ad-Hoc|x64.Deploy.0 = Release|x64
		{66CF1085-B1DE-4A9B-91F8-224C22244ECC}.Ad-Hoc|x86.ActiveCfg = Release|x86
		{66CF1085-B1DE-4A9B-91F8-224C22244ECC}.Ad-Hoc|x86.Build.0 = Release|x86
		{66CF1085-B1DE-4A9B-91F8-224C22244ECC}.Ad-Hoc|x86.Deploy.0 = Release|x86
		{66CF1085-B1DE-4A9B-91F8-224C22244ECC}.AppStore|Any CPU.ActiveCfg = Release|x86
		{66CF1085-B1DE-4A9B-91F8-224C22244ECC}.AppStore|Any CPU.Build.0 = Release|x86
		{66CF1085-B1DE-4A9B-91F8-224C22244ECC}.AppStore|Any CPU.Deploy.0 = Release|x86
		{66CF1085-B1DE-4A9B-91F8-224C22244ECC}.AppStore|ARM.ActiveCfg = Release|ARM
		{66CF1085-B1DE-4A9B-91F8-224C22244ECC}.AppStore|ARM.Build.0 = Release|ARM
		{66CF1085-B1DE-4A9B-91F8-224C22244ECC}.AppStore|ARM.Deploy.0 = Release|ARM
		{66CF1085-B1DE-4A9B-91F8-224C22244ECC}.AppStore|iPhone.ActiveCfg = Release|x86
		{66CF1085-B1DE-4A9B-91F8-224C22244ECC}.AppStore|iPhone.Build.0 = Release|x86
		{66CF1085-B1DE-4A9B-91F8-224C22244ECC}.AppStore|iPhone.Deploy.0 = Release|x86
		{66CF1085-B1DE-4A9B-91F8-224C22244ECC}.AppStore|iPhoneSimulator.ActiveCfg = Release|x86
		{66CF1085-B1DE-4A9B-91F8-224C22244ECC}.AppStore|iPhoneSimulator.Build.0 = Release|x86
		{66CF1085-B1DE-4A9B-91F8-224C22244ECC}.AppStore|iPhoneSimulator.Deploy.0 = Release|x86
		{66CF1085-B1DE-4A9B-91F8-224C22244ECC}.AppStore|x64.ActiveCfg = Release|x64
		{66CF1085-B1DE-4A9B-91F8-224C22244ECC}.AppStore|x64.Build.0 = Release|x64
		{66CF1085-B1DE-4A9B-91F8-224C22244ECC}.AppStore|x64.Deploy.0 = Release|x64
		{66CF1085-B1DE-4A9B-91F8-224C22244ECC}.AppStore|x86.ActiveCfg = Release|x86
		{66CF1085-B1DE-4A9B-91F8-224C22244ECC}.AppStore|x86.Build.0 = Release|x86
		{66CF1085-B1DE-4A9B-91F8-224C22244ECC}.AppStore|x86.Deploy.0 = Release|x86
		{66CF1085-B1DE-4A9B-91F8-224C22244ECC}.Debug|Any CPU.ActiveCfg = Debug|x86
		{66CF1085-B1DE-4A9B-91F8-224C22244ECC}.Debug|ARM.ActiveCfg = Debug|ARM
		{66CF1085-B1DE-4A9B-91F8-224C22244ECC}.Debug|ARM.Build.0 = Debug|ARM
		{66CF1085-B1DE-4A9B-91F8-224C22244ECC}.Debug|ARM.Deploy.0 = Debug|ARM
		{66CF1085-B1DE-4A9B-91F8-224C22244ECC}.Debug|iPhone.ActiveCfg = Debug|x86
		{66CF1085-B1DE-4A9B-91F8-224C22244ECC}.Debug|iPhone.Build.0 = Debug|x86
		{66CF1085-B1DE-4A9B-91F8-224C22244ECC}.Debug|iPhone.Deploy.0 = Debug|x86
		{66CF1085-B1DE-4A9B-91F8-224C22244ECC}.Debug|iPhoneSimulator.ActiveCfg = Debug|x86
		{66CF1085-B1DE-4A9B-91F8-224C22244ECC}.Debug|x64.ActiveCfg = Debug|x64
		{66CF1085-B1DE-4A9B-91F8-224C22244ECC}.Debug|x64.Build.0 = Debug|x64
		{66CF1085-B1DE-4A9B-91F8-224C22244ECC}.Debug|x64.Deploy.0 = Debug|x64
		{66CF1085-B1DE-4A9B-91F8-224C22244ECC}.Debug|x86.ActiveCfg = Debug|x86
		{66CF1085-B1DE-4A9B-91F8-224C22244ECC}.Debug|x86.Build.0 = Debug|x86
		{66CF1085-B1DE-4A9B-91F8-224C22244ECC}.Debug|x86.Deploy.0 = Debug|x86
		{66CF1085-B1DE-4A9B-91F8-224C22244ECC}.Release|Any CPU.ActiveCfg = Release|x86
		{66CF1085-B1DE-4A9B-91F8-224C22244ECC}.Release|ARM.ActiveCfg = Release|ARM
		{66CF1085-B1DE-4A9B-91F8-224C22244ECC}.Release|ARM.Build.0 = Release|ARM
		{66CF1085-B1DE-4A9B-91F8-224C22244ECC}.Release|ARM.Deploy.0 = Release|ARM
		{66CF1085-B1DE-4A9B-91F8-224C22244ECC}.Release|iPhone.ActiveCfg = Release|x86
		{66CF1085-B1DE-4A9B-91F8-224C22244ECC}.Release|iPhoneSimulator.ActiveCfg = Release|x86
		{66CF1085-B1DE-4A9B-91F8-224C22244ECC}.Release|x64.ActiveCfg = Release|x64
		{66CF1085-B1DE-4A9B-91F8-224C22244ECC}.Release|x64.Build.0 = Release|x64
		{66CF1085-B1DE-4A9B-91F8-224C22244ECC}.Release|x64.Deploy.0 = Release|x64
		{66CF1085-B1DE-4A9B-91F8-224C22244ECC}.Release|x86.ActiveCfg = Release|x86
		{66CF1085-B1DE-4A9B-91F8-224C22244ECC}.Release|x86.Build.0 = Release|x86
		{66CF1085-B1DE-4A9B-91F8-224C22244ECC}.Release|x86.Deploy.0 = Release|x86
		{5707B481-195E-4E02-8F82-965995DF38E1}.Ad-Hoc|Any CPU.ActiveCfg = Release|Any CPU
		{5707B481-195E-4E02-8F82-965995DF38E1}.Ad-Hoc|Any CPU.Build.0 = Release|Any CPU
		{5707B481-195E-4E02-8F82-965995DF38E1}.Ad-Hoc|Any CPU.Deploy.0 = Release|Any CPU
		{5707B481-195E-4E02-8F82-965995DF38E1}.Ad-Hoc|ARM.ActiveCfg = Release|ARM
		{5707B481-195E-4E02-8F82-965995DF38E1}.Ad-Hoc|ARM.Build.0 = Release|ARM
		{5707B481-195E-4E02-8F82-965995DF38E1}.Ad-Hoc|ARM.Deploy.0 = Release|ARM
		{5707B481-195E-4E02-8F82-965995DF38E1}.Ad-Hoc|iPhone.ActiveCfg = Release|Any CPU
		{5707B481-195E-4E02-8F82-965995DF38E1}.Ad-Hoc|iPhone.Build.0 = Release|Any CPU
		{5707B481-195E-4E02-8F82-965995DF38E1}.Ad-Hoc|iPhone.Deploy.0 = Release|Any CPU
		{5707B481-195E-4E02-8F82-965995DF38E1}.Ad-Hoc|iPhoneSimulator.ActiveCfg = Release|Any CPU
		{5707B481-195E-4E02-8F82-965995DF38E1}.Ad-Hoc|iPhoneSimulator.Build.0 = Release|Any CPU
		{5707B481-195E-4E02-8F82-965995DF38E1}.Ad-Hoc|iPhoneSimulator.Deploy.0 = Release|Any CPU
		{5707B481-195E-4E02-8F82-965995DF38E1}.Ad-Hoc|x64.ActiveCfg = Release|x64
		{5707B481-195E-4E02-8F82-965995DF38E1}.Ad-Hoc|x64.Build.0 = Release|x64
		{5707B481-195E-4E02-8F82-965995DF38E1}.Ad-Hoc|x64.Deploy.0 = Release|x64
		{5707B481-195E-4E02-8F82-965995DF38E1}.Ad-Hoc|x86.ActiveCfg = Release|x86
		{5707B481-195E-4E02-8F82-965995DF38E1}.Ad-Hoc|x86.Build.0 = Release|x86
		{5707B481-195E-4E02-8F82-965995DF38E1}.Ad-Hoc|x86.Deploy.0 = Release|x86
		{5707B481-195E-4E02-8F82-965995DF38E1}.AppStore|Any CPU.ActiveCfg = Release|Any CPU
		{5707B481-195E-4E02-8F82-965995DF38E1}.AppStore|Any CPU.Build.0 = Release|Any CPU
		{5707B481-195E-4E02-8F82-965995DF38E1}.AppStore|Any CPU.Deploy.0 = Release|Any CPU
		{5707B481-195E-4E02-8F82-965995DF38E1}.AppStore|ARM.ActiveCfg = Release|ARM
		{5707B481-195E-4E02-8F82-965995DF38E1}.AppStore|ARM.Build.0 = Release|ARM
		{5707B481-195E-4E02-8F82-965995DF38E1}.AppStore|ARM.Deploy.0 = Release|ARM
		{5707B481-195E-4E02-8F82-965995DF38E1}.AppStore|iPhone.ActiveCfg = Release|Any CPU
		{5707B481-195E-4E02-8F82-965995DF38E1}.AppStore|iPhone.Build.0 = Release|Any CPU
		{5707B481-195E-4E02-8F82-965995DF38E1}.AppStore|iPhone.Deploy.0 = Release|Any CPU
		{5707B481-195E-4E02-8F82-965995DF38E1}.AppStore|iPhoneSimulator.ActiveCfg = Release|Any CPU
		{5707B481-195E-4E02-8F82-965995DF38E1}.AppStore|iPhoneSimulator.Build.0 = Release|Any CPU
		{5707B481-195E-4E02-8F82-965995DF38E1}.AppStore|iPhoneSimulator.Deploy.0 = Release|Any CPU
		{5707B481-195E-4E02-8F82-965995DF38E1}.AppStore|x64.ActiveCfg = Release|x64
		{5707B481-195E-4E02-8F82-965995DF38E1}.AppStore|x64.Build.0 = Release|x64
		{5707B481-195E-4E02-8F82-965995DF38E1}.AppStore|x64.Deploy.0 = Release|x64
		{5707B481-195E-4E02-8F82-965995DF38E1}.AppStore|x86.ActiveCfg = Release|x86
		{5707B481-195E-4E02-8F82-965995DF38E1}.AppStore|x86.Build.0 = Release|x86
		{5707B481-195E-4E02-8F82-965995DF38E1}.AppStore|x86.Deploy.0 = Release|x86
		{5707B481-195E-4E02-8F82-965995DF38E1}.Debug|Any CPU.ActiveCfg = Debug|Any CPU
		{5707B481-195E-4E02-8F82-965995DF38E1}.Debug|Any CPU.Build.0 = Debug|Any CPU
		{5707B481-195E-4E02-8F82-965995DF38E1}.Debug|Any CPU.Deploy.0 = Debug|Any CPU
		{5707B481-195E-4E02-8F82-965995DF38E1}.Debug|ARM.ActiveCfg = Debug|ARM
		{5707B481-195E-4E02-8F82-965995DF38E1}.Debug|ARM.Build.0 = Debug|ARM
		{5707B481-195E-4E02-8F82-965995DF38E1}.Debug|ARM.Deploy.0 = Debug|ARM
		{5707B481-195E-4E02-8F82-965995DF38E1}.Debug|iPhone.ActiveCfg = Debug|Any CPU
		{5707B481-195E-4E02-8F82-965995DF38E1}.Debug|iPhone.Build.0 = Debug|Any CPU
		{5707B481-195E-4E02-8F82-965995DF38E1}.Debug|iPhone.Deploy.0 = Debug|Any CPU
		{5707B481-195E-4E02-8F82-965995DF38E1}.Debug|iPhoneSimulator.ActiveCfg = Debug|Any CPU
		{5707B481-195E-4E02-8F82-965995DF38E1}.Debug|iPhoneSimulator.Build.0 = Debug|Any CPU
		{5707B481-195E-4E02-8F82-965995DF38E1}.Debug|iPhoneSimulator.Deploy.0 = Debug|Any CPU
		{5707B481-195E-4E02-8F82-965995DF38E1}.Debug|x64.ActiveCfg = Debug|x64
		{5707B481-195E-4E02-8F82-965995DF38E1}.Debug|x64.Build.0 = Debug|x64
		{5707B481-195E-4E02-8F82-965995DF38E1}.Debug|x64.Deploy.0 = Debug|x64
		{5707B481-195E-4E02-8F82-965995DF38E1}.Debug|x86.ActiveCfg = Debug|x86
		{5707B481-195E-4E02-8F82-965995DF38E1}.Debug|x86.Build.0 = Debug|x86
		{5707B481-195E-4E02-8F82-965995DF38E1}.Debug|x86.Deploy.0 = Debug|x86
		{5707B481-195E-4E02-8F82-965995DF38E1}.Release|Any CPU.ActiveCfg = Release|Any CPU
		{5707B481-195E-4E02-8F82-965995DF38E1}.Release|Any CPU.Build.0 = Release|Any CPU
		{5707B481-195E-4E02-8F82-965995DF38E1}.Release|Any CPU.Deploy.0 = Release|Any CPU
		{5707B481-195E-4E02-8F82-965995DF38E1}.Release|ARM.ActiveCfg = Release|ARM
		{5707B481-195E-4E02-8F82-965995DF38E1}.Release|ARM.Build.0 = Release|ARM
		{5707B481-195E-4E02-8F82-965995DF38E1}.Release|ARM.Deploy.0 = Release|ARM
		{5707B481-195E-4E02-8F82-965995DF38E1}.Release|iPhone.ActiveCfg = Release|Any CPU
		{5707B481-195E-4E02-8F82-965995DF38E1}.Release|iPhone.Build.0 = Release|Any CPU
		{5707B481-195E-4E02-8F82-965995DF38E1}.Release|iPhone.Deploy.0 = Release|Any CPU
		{5707B481-195E-4E02-8F82-965995DF38E1}.Release|iPhoneSimulator.ActiveCfg = Release|Any CPU
		{5707B481-195E-4E02-8F82-965995DF38E1}.Release|iPhoneSimulator.Build.0 = Release|Any CPU
		{5707B481-195E-4E02-8F82-965995DF38E1}.Release|iPhoneSimulator.Deploy.0 = Release|Any CPU
		{5707B481-195E-4E02-8F82-965995DF38E1}.Release|x64.ActiveCfg = Release|x64
		{5707B481-195E-4E02-8F82-965995DF38E1}.Release|x64.Build.0 = Release|x64
		{5707B481-195E-4E02-8F82-965995DF38E1}.Release|x64.Deploy.0 = Release|x64
		{5707B481-195E-4E02-8F82-965995DF38E1}.Release|x86.ActiveCfg = Release|x86
		{5707B481-195E-4E02-8F82-965995DF38E1}.Release|x86.Build.0 = Release|x86
		{5707B481-195E-4E02-8F82-965995DF38E1}.Release|x86.Deploy.0 = Release|x86
		{67F9D3A8-F71E-4428-913F-C37AE82CDB24}.Ad-Hoc|Any CPU.ActiveCfg = Release|Any CPU
		{67F9D3A8-F71E-4428-913F-C37AE82CDB24}.Ad-Hoc|Any CPU.Build.0 = Release|Any CPU
		{67F9D3A8-F71E-4428-913F-C37AE82CDB24}.Ad-Hoc|ARM.ActiveCfg = Release|Any CPU
		{67F9D3A8-F71E-4428-913F-C37AE82CDB24}.Ad-Hoc|ARM.Build.0 = Release|Any CPU
		{67F9D3A8-F71E-4428-913F-C37AE82CDB24}.Ad-Hoc|iPhone.ActiveCfg = Release|Any CPU
		{67F9D3A8-F71E-4428-913F-C37AE82CDB24}.Ad-Hoc|iPhone.Build.0 = Release|Any CPU
		{67F9D3A8-F71E-4428-913F-C37AE82CDB24}.Ad-Hoc|iPhoneSimulator.ActiveCfg = Release|Any CPU
		{67F9D3A8-F71E-4428-913F-C37AE82CDB24}.Ad-Hoc|iPhoneSimulator.Build.0 = Release|Any CPU
		{67F9D3A8-F71E-4428-913F-C37AE82CDB24}.Ad-Hoc|x64.ActiveCfg = Release|Any CPU
		{67F9D3A8-F71E-4428-913F-C37AE82CDB24}.Ad-Hoc|x64.Build.0 = Release|Any CPU
		{67F9D3A8-F71E-4428-913F-C37AE82CDB24}.Ad-Hoc|x86.ActiveCfg = Release|Any CPU
		{67F9D3A8-F71E-4428-913F-C37AE82CDB24}.Ad-Hoc|x86.Build.0 = Release|Any CPU
		{67F9D3A8-F71E-4428-913F-C37AE82CDB24}.AppStore|Any CPU.ActiveCfg = Release|Any CPU
		{67F9D3A8-F71E-4428-913F-C37AE82CDB24}.AppStore|Any CPU.Build.0 = Release|Any CPU
		{67F9D3A8-F71E-4428-913F-C37AE82CDB24}.AppStore|ARM.ActiveCfg = Release|Any CPU
		{67F9D3A8-F71E-4428-913F-C37AE82CDB24}.AppStore|ARM.Build.0 = Release|Any CPU
		{67F9D3A8-F71E-4428-913F-C37AE82CDB24}.AppStore|iPhone.ActiveCfg = Release|Any CPU
		{67F9D3A8-F71E-4428-913F-C37AE82CDB24}.AppStore|iPhone.Build.0 = Release|Any CPU
		{67F9D3A8-F71E-4428-913F-C37AE82CDB24}.AppStore|iPhoneSimulator.ActiveCfg = Release|Any CPU
		{67F9D3A8-F71E-4428-913F-C37AE82CDB24}.AppStore|iPhoneSimulator.Build.0 = Release|Any CPU
		{67F9D3A8-F71E-4428-913F-C37AE82CDB24}.AppStore|x64.ActiveCfg = Release|Any CPU
		{67F9D3A8-F71E-4428-913F-C37AE82CDB24}.AppStore|x64.Build.0 = Release|Any CPU
		{67F9D3A8-F71E-4428-913F-C37AE82CDB24}.AppStore|x86.ActiveCfg = Release|Any CPU
		{67F9D3A8-F71E-4428-913F-C37AE82CDB24}.AppStore|x86.Build.0 = Release|Any CPU
		{67F9D3A8-F71E-4428-913F-C37AE82CDB24}.Debug|Any CPU.ActiveCfg = Debug|Any CPU
		{67F9D3A8-F71E-4428-913F-C37AE82CDB24}.Debug|Any CPU.Build.0 = Debug|Any CPU
		{67F9D3A8-F71E-4428-913F-C37AE82CDB24}.Debug|ARM.ActiveCfg = Debug|Any CPU
		{67F9D3A8-F71E-4428-913F-C37AE82CDB24}.Debug|ARM.Build.0 = Debug|Any CPU
		{67F9D3A8-F71E-4428-913F-C37AE82CDB24}.Debug|iPhone.ActiveCfg = Debug|Any CPU
		{67F9D3A8-F71E-4428-913F-C37AE82CDB24}.Debug|iPhone.Build.0 = Debug|Any CPU
		{67F9D3A8-F71E-4428-913F-C37AE82CDB24}.Debug|iPhoneSimulator.ActiveCfg = Debug|Any CPU
		{67F9D3A8-F71E-4428-913F-C37AE82CDB24}.Debug|iPhoneSimulator.Build.0 = Debug|Any CPU
		{67F9D3A8-F71E-4428-913F-C37AE82CDB24}.Debug|x64.ActiveCfg = Debug|Any CPU
		{67F9D3A8-F71E-4428-913F-C37AE82CDB24}.Debug|x64.Build.0 = Debug|Any CPU
		{67F9D3A8-F71E-4428-913F-C37AE82CDB24}.Debug|x86.ActiveCfg = Debug|Any CPU
		{67F9D3A8-F71E-4428-913F-C37AE82CDB24}.Debug|x86.Build.0 = Debug|Any CPU
		{67F9D3A8-F71E-4428-913F-C37AE82CDB24}.Release|Any CPU.ActiveCfg = Release|Any CPU
		{67F9D3A8-F71E-4428-913F-C37AE82CDB24}.Release|Any CPU.Build.0 = Release|Any CPU
		{67F9D3A8-F71E-4428-913F-C37AE82CDB24}.Release|ARM.ActiveCfg = Release|Any CPU
		{67F9D3A8-F71E-4428-913F-C37AE82CDB24}.Release|ARM.Build.0 = Release|Any CPU
		{67F9D3A8-F71E-4428-913F-C37AE82CDB24}.Release|iPhone.ActiveCfg = Release|Any CPU
		{67F9D3A8-F71E-4428-913F-C37AE82CDB24}.Release|iPhone.Build.0 = Release|Any CPU
		{67F9D3A8-F71E-4428-913F-C37AE82CDB24}.Release|iPhoneSimulator.ActiveCfg = Release|Any CPU
		{67F9D3A8-F71E-4428-913F-C37AE82CDB24}.Release|iPhoneSimulator.Build.0 = Release|Any CPU
		{67F9D3A8-F71E-4428-913F-C37AE82CDB24}.Release|x64.ActiveCfg = Release|Any CPU
		{67F9D3A8-F71E-4428-913F-C37AE82CDB24}.Release|x64.Build.0 = Release|Any CPU
		{67F9D3A8-F71E-4428-913F-C37AE82CDB24}.Release|x86.ActiveCfg = Release|Any CPU
		{67F9D3A8-F71E-4428-913F-C37AE82CDB24}.Release|x86.Build.0 = Release|Any CPU
		{63E10FFF-3608-4E52-A2AF-1EDD9AB58C21}.Ad-Hoc|Any CPU.ActiveCfg = Release|Any CPU
		{63E10FFF-3608-4E52-A2AF-1EDD9AB58C21}.Ad-Hoc|Any CPU.Build.0 = Release|Any CPU
		{63E10FFF-3608-4E52-A2AF-1EDD9AB58C21}.Ad-Hoc|ARM.ActiveCfg = Release|Any CPU
		{63E10FFF-3608-4E52-A2AF-1EDD9AB58C21}.Ad-Hoc|ARM.Build.0 = Release|Any CPU
		{63E10FFF-3608-4E52-A2AF-1EDD9AB58C21}.Ad-Hoc|iPhone.ActiveCfg = Release|Any CPU
		{63E10FFF-3608-4E52-A2AF-1EDD9AB58C21}.Ad-Hoc|iPhone.Build.0 = Release|Any CPU
		{63E10FFF-3608-4E52-A2AF-1EDD9AB58C21}.Ad-Hoc|iPhoneSimulator.ActiveCfg = Release|Any CPU
		{63E10FFF-3608-4E52-A2AF-1EDD9AB58C21}.Ad-Hoc|iPhoneSimulator.Build.0 = Release|Any CPU
		{63E10FFF-3608-4E52-A2AF-1EDD9AB58C21}.Ad-Hoc|x64.ActiveCfg = Release|Any CPU
		{63E10FFF-3608-4E52-A2AF-1EDD9AB58C21}.Ad-Hoc|x64.Build.0 = Release|Any CPU
		{63E10FFF-3608-4E52-A2AF-1EDD9AB58C21}.Ad-Hoc|x86.ActiveCfg = Release|Any CPU
		{63E10FFF-3608-4E52-A2AF-1EDD9AB58C21}.Ad-Hoc|x86.Build.0 = Release|Any CPU
		{63E10FFF-3608-4E52-A2AF-1EDD9AB58C21}.AppStore|Any CPU.ActiveCfg = Release|Any CPU
		{63E10FFF-3608-4E52-A2AF-1EDD9AB58C21}.AppStore|Any CPU.Build.0 = Release|Any CPU
		{63E10FFF-3608-4E52-A2AF-1EDD9AB58C21}.AppStore|ARM.ActiveCfg = Release|Any CPU
		{63E10FFF-3608-4E52-A2AF-1EDD9AB58C21}.AppStore|ARM.Build.0 = Release|Any CPU
		{63E10FFF-3608-4E52-A2AF-1EDD9AB58C21}.AppStore|iPhone.ActiveCfg = Release|Any CPU
		{63E10FFF-3608-4E52-A2AF-1EDD9AB58C21}.AppStore|iPhone.Build.0 = Release|Any CPU
		{63E10FFF-3608-4E52-A2AF-1EDD9AB58C21}.AppStore|iPhoneSimulator.ActiveCfg = Release|Any CPU
		{63E10FFF-3608-4E52-A2AF-1EDD9AB58C21}.AppStore|iPhoneSimulator.Build.0 = Release|Any CPU
		{63E10FFF-3608-4E52-A2AF-1EDD9AB58C21}.AppStore|x64.ActiveCfg = Release|Any CPU
		{63E10FFF-3608-4E52-A2AF-1EDD9AB58C21}.AppStore|x64.Build.0 = Release|Any CPU
		{63E10FFF-3608-4E52-A2AF-1EDD9AB58C21}.AppStore|x86.ActiveCfg = Release|Any CPU
		{63E10FFF-3608-4E52-A2AF-1EDD9AB58C21}.AppStore|x86.Build.0 = Release|Any CPU
		{63E10FFF-3608-4E52-A2AF-1EDD9AB58C21}.Debug|Any CPU.ActiveCfg = Debug|Any CPU
		{63E10FFF-3608-4E52-A2AF-1EDD9AB58C21}.Debug|Any CPU.Build.0 = Debug|Any CPU
		{63E10FFF-3608-4E52-A2AF-1EDD9AB58C21}.Debug|ARM.ActiveCfg = Debug|Any CPU
		{63E10FFF-3608-4E52-A2AF-1EDD9AB58C21}.Debug|ARM.Build.0 = Debug|Any CPU
		{63E10FFF-3608-4E52-A2AF-1EDD9AB58C21}.Debug|iPhone.ActiveCfg = Debug|Any CPU
		{63E10FFF-3608-4E52-A2AF-1EDD9AB58C21}.Debug|iPhone.Build.0 = Debug|Any CPU
		{63E10FFF-3608-4E52-A2AF-1EDD9AB58C21}.Debug|iPhoneSimulator.ActiveCfg = Debug|Any CPU
		{63E10FFF-3608-4E52-A2AF-1EDD9AB58C21}.Debug|iPhoneSimulator.Build.0 = Debug|Any CPU
		{63E10FFF-3608-4E52-A2AF-1EDD9AB58C21}.Debug|x64.ActiveCfg = Debug|Any CPU
		{63E10FFF-3608-4E52-A2AF-1EDD9AB58C21}.Debug|x64.Build.0 = Debug|Any CPU
		{63E10FFF-3608-4E52-A2AF-1EDD9AB58C21}.Debug|x86.ActiveCfg = Debug|Any CPU
		{63E10FFF-3608-4E52-A2AF-1EDD9AB58C21}.Debug|x86.Build.0 = Debug|Any CPU
		{63E10FFF-3608-4E52-A2AF-1EDD9AB58C21}.Release|Any CPU.ActiveCfg = Release|Any CPU
		{63E10FFF-3608-4E52-A2AF-1EDD9AB58C21}.Release|Any CPU.Build.0 = Release|Any CPU
		{63E10FFF-3608-4E52-A2AF-1EDD9AB58C21}.Release|ARM.ActiveCfg = Release|Any CPU
		{63E10FFF-3608-4E52-A2AF-1EDD9AB58C21}.Release|ARM.Build.0 = Release|Any CPU
		{63E10FFF-3608-4E52-A2AF-1EDD9AB58C21}.Release|iPhone.ActiveCfg = Release|Any CPU
		{63E10FFF-3608-4E52-A2AF-1EDD9AB58C21}.Release|iPhone.Build.0 = Release|Any CPU
		{63E10FFF-3608-4E52-A2AF-1EDD9AB58C21}.Release|iPhoneSimulator.ActiveCfg = Release|Any CPU
		{63E10FFF-3608-4E52-A2AF-1EDD9AB58C21}.Release|iPhoneSimulator.Build.0 = Release|Any CPU
		{63E10FFF-3608-4E52-A2AF-1EDD9AB58C21}.Release|x64.ActiveCfg = Release|Any CPU
		{63E10FFF-3608-4E52-A2AF-1EDD9AB58C21}.Release|x64.Build.0 = Release|Any CPU
		{63E10FFF-3608-4E52-A2AF-1EDD9AB58C21}.Release|x86.ActiveCfg = Release|Any CPU
		{63E10FFF-3608-4E52-A2AF-1EDD9AB58C21}.Release|x86.Build.0 = Release|Any CPU
		{E97C00F9-B576-4BF4-9D07-681BCB9EF97F}.Ad-Hoc|Any CPU.ActiveCfg = Release|Any CPU
		{E97C00F9-B576-4BF4-9D07-681BCB9EF97F}.Ad-Hoc|Any CPU.Build.0 = Release|Any CPU
		{E97C00F9-B576-4BF4-9D07-681BCB9EF97F}.Ad-Hoc|ARM.ActiveCfg = Release|Any CPU
		{E97C00F9-B576-4BF4-9D07-681BCB9EF97F}.Ad-Hoc|ARM.Build.0 = Release|Any CPU
		{E97C00F9-B576-4BF4-9D07-681BCB9EF97F}.Ad-Hoc|iPhone.ActiveCfg = Release|Any CPU
		{E97C00F9-B576-4BF4-9D07-681BCB9EF97F}.Ad-Hoc|iPhone.Build.0 = Release|Any CPU
		{E97C00F9-B576-4BF4-9D07-681BCB9EF97F}.Ad-Hoc|iPhoneSimulator.ActiveCfg = Release|Any CPU
		{E97C00F9-B576-4BF4-9D07-681BCB9EF97F}.Ad-Hoc|iPhoneSimulator.Build.0 = Release|Any CPU
		{E97C00F9-B576-4BF4-9D07-681BCB9EF97F}.Ad-Hoc|x64.ActiveCfg = Release|Any CPU
		{E97C00F9-B576-4BF4-9D07-681BCB9EF97F}.Ad-Hoc|x64.Build.0 = Release|Any CPU
		{E97C00F9-B576-4BF4-9D07-681BCB9EF97F}.Ad-Hoc|x86.ActiveCfg = Release|Any CPU
		{E97C00F9-B576-4BF4-9D07-681BCB9EF97F}.Ad-Hoc|x86.Build.0 = Release|Any CPU
		{E97C00F9-B576-4BF4-9D07-681BCB9EF97F}.AppStore|Any CPU.ActiveCfg = Release|Any CPU
		{E97C00F9-B576-4BF4-9D07-681BCB9EF97F}.AppStore|Any CPU.Build.0 = Release|Any CPU
		{E97C00F9-B576-4BF4-9D07-681BCB9EF97F}.AppStore|ARM.ActiveCfg = Release|Any CPU
		{E97C00F9-B576-4BF4-9D07-681BCB9EF97F}.AppStore|ARM.Build.0 = Release|Any CPU
		{E97C00F9-B576-4BF4-9D07-681BCB9EF97F}.AppStore|iPhone.ActiveCfg = Release|Any CPU
		{E97C00F9-B576-4BF4-9D07-681BCB9EF97F}.AppStore|iPhone.Build.0 = Release|Any CPU
		{E97C00F9-B576-4BF4-9D07-681BCB9EF97F}.AppStore|iPhoneSimulator.ActiveCfg = Release|Any CPU
		{E97C00F9-B576-4BF4-9D07-681BCB9EF97F}.AppStore|iPhoneSimulator.Build.0 = Release|Any CPU
		{E97C00F9-B576-4BF4-9D07-681BCB9EF97F}.AppStore|x64.ActiveCfg = Release|Any CPU
		{E97C00F9-B576-4BF4-9D07-681BCB9EF97F}.AppStore|x64.Build.0 = Release|Any CPU
		{E97C00F9-B576-4BF4-9D07-681BCB9EF97F}.AppStore|x86.ActiveCfg = Release|Any CPU
		{E97C00F9-B576-4BF4-9D07-681BCB9EF97F}.AppStore|x86.Build.0 = Release|Any CPU
		{E97C00F9-B576-4BF4-9D07-681BCB9EF97F}.Debug|Any CPU.ActiveCfg = Debug|Any CPU
		{E97C00F9-B576-4BF4-9D07-681BCB9EF97F}.Debug|Any CPU.Build.0 = Debug|Any CPU
		{E97C00F9-B576-4BF4-9D07-681BCB9EF97F}.Debug|ARM.ActiveCfg = Debug|Any CPU
		{E97C00F9-B576-4BF4-9D07-681BCB9EF97F}.Debug|ARM.Build.0 = Debug|Any CPU
		{E97C00F9-B576-4BF4-9D07-681BCB9EF97F}.Debug|iPhone.ActiveCfg = Debug|Any CPU
		{E97C00F9-B576-4BF4-9D07-681BCB9EF97F}.Debug|iPhone.Build.0 = Debug|Any CPU
		{E97C00F9-B576-4BF4-9D07-681BCB9EF97F}.Debug|iPhoneSimulator.ActiveCfg = Debug|Any CPU
		{E97C00F9-B576-4BF4-9D07-681BCB9EF97F}.Debug|iPhoneSimulator.Build.0 = Debug|Any CPU
		{E97C00F9-B576-4BF4-9D07-681BCB9EF97F}.Debug|x64.ActiveCfg = Debug|Any CPU
		{E97C00F9-B576-4BF4-9D07-681BCB9EF97F}.Debug|x64.Build.0 = Debug|Any CPU
		{E97C00F9-B576-4BF4-9D07-681BCB9EF97F}.Debug|x86.ActiveCfg = Debug|Any CPU
		{E97C00F9-B576-4BF4-9D07-681BCB9EF97F}.Debug|x86.Build.0 = Debug|Any CPU
		{E97C00F9-B576-4BF4-9D07-681BCB9EF97F}.Release|Any CPU.ActiveCfg = Release|Any CPU
		{E97C00F9-B576-4BF4-9D07-681BCB9EF97F}.Release|Any CPU.Build.0 = Release|Any CPU
		{E97C00F9-B576-4BF4-9D07-681BCB9EF97F}.Release|ARM.ActiveCfg = Release|Any CPU
		{E97C00F9-B576-4BF4-9D07-681BCB9EF97F}.Release|ARM.Build.0 = Release|Any CPU
		{E97C00F9-B576-4BF4-9D07-681BCB9EF97F}.Release|iPhone.ActiveCfg = Release|Any CPU
		{E97C00F9-B576-4BF4-9D07-681BCB9EF97F}.Release|iPhone.Build.0 = Release|Any CPU
		{E97C00F9-B576-4BF4-9D07-681BCB9EF97F}.Release|iPhoneSimulator.ActiveCfg = Release|Any CPU
		{E97C00F9-B576-4BF4-9D07-681BCB9EF97F}.Release|iPhoneSimulator.Build.0 = Release|Any CPU
		{E97C00F9-B576-4BF4-9D07-681BCB9EF97F}.Release|x64.ActiveCfg = Release|Any CPU
		{E97C00F9-B576-4BF4-9D07-681BCB9EF97F}.Release|x64.Build.0 = Release|Any CPU
		{E97C00F9-B576-4BF4-9D07-681BCB9EF97F}.Release|x86.ActiveCfg = Release|Any CPU
		{E97C00F9-B576-4BF4-9D07-681BCB9EF97F}.Release|x86.Build.0 = Release|Any CPU
	EndGlobalSection
	GlobalSection(SolutionProperties) = preSolution
		HideSolutionNode = FALSE
	EndGlobalSection
EndGlobal
